
Microsoft Visual Studio Solution File, Format Version 12.00
# Visual Studio 15
Project("{FAE04EC0-301F-11D3-BF4B-00C04F79EFBC}") = "Unity.XR.Interaction.Toolkit.Samples.DeviceSimulator", "Unity.XR.Interaction.Toolkit.Samples.DeviceSimulator.csproj", "{DC7DF514-1B0A-3B34-0113-3A32079EC346}"
EndProject
Project("{FAE04EC0-301F-11D3-BF4B-00C04F79EFBC}") = "Assembly-CSharp", "Assembly-CSharp.csproj", "{D030E9B5-33B7-7B89-9F5F-5E2AE93CE64D}"
EndProject
Project("{FAE04EC0-301F-11D3-BF4B-00C04F79EFBC}") = "Unity.XR.Interaction.Toolkit.Samples.StarterAssets", "Unity.XR.Interaction.Toolkit.Samples.StarterAssets.csproj", "{880631E2-1F3B-ECBC-3CA0-488C54E14882}"
EndProject
Project("{FAE04EC0-301F-11D3-BF4B-00C04F79EFBC}") = "Assembly-CSharp-Editor", "Assembly-CSharp-Editor.csproj", "{1B96E8CA-6032-2A97-AD3F-438AA9012BAB}"
EndProject
Project("{FAE04EC0-301F-11D3-BF4B-00C04F79EFBC}") = "Unity.XR.Interaction.Toolkit.Samples.StarterAssets.Editor", "Unity.XR.Interaction.Toolkit.Samples.StarterAssets.Editor.csproj", "{53F3A3F7-4A7D-8D7F-7226-55283BB889DE}"
EndProject
Global
	GlobalSection(SolutionConfigurationPlatforms) = preSolution
		Debug|Any CPU = Debug|Any CPU
		Release|Any CPU = Release|Any CPU
	EndGlobalSection
	GlobalSection(ProjectConfigurationPlatforms) = postSolution
		{DC7DF514-1B0A-3B34-0113-3A32079EC346}.Debug|Any CPU.ActiveCfg = Debug|Any CPU
		{DC7DF514-1B0A-3B34-0113-3A32079EC346}.Debug|Any CPU.Build.0 = Debug|Any CPU
		{DC7DF514-1B0A-3B34-0113-3A32079EC346}.Release|Any CPU.ActiveCfg = Release|Any CPU
		{DC7DF514-1B0A-3B34-0113-3A32079EC346}.Release|Any CPU.Build.0 = Release|Any CPU
		{D030E9B5-33B7-7B89-9F5F-5E2AE93CE64D}.Debug|Any CPU.ActiveCfg = Debug|Any CPU
		{D030E9B5-33B7-7B89-9F5F-5E2AE93CE64D}.Debug|Any CPU.Build.0 = Debug|Any CPU
		{D030E9B5-33B7-7B89-9F5F-5E2AE93CE64D}.Release|Any CPU.ActiveCfg = Release|Any CPU
		{D030E9B5-33B7-7B89-9F5F-5E2AE93CE64D}.Release|Any CPU.Build.0 = Release|Any CPU
		{880631E2-1F3B-ECBC-3CA0-488C54E14882}.Debug|Any CPU.ActiveCfg = Debug|Any CPU
		{880631E2-1F3B-ECBC-3CA0-488C54E14882}.Debug|Any CPU.Build.0 = Debug|Any CPU
		{880631E2-1F3B-ECBC-3CA0-488C54E14882}.Release|Any CPU.ActiveCfg = Release|Any CPU
		{880631E2-1F3B-ECBC-3CA0-488C54E14882}.Release|Any CPU.Build.0 = Release|Any CPU
		{1B96E8CA-6032-2A97-AD3F-438AA9012BAB}.Debug|Any CPU.ActiveCfg = Debug|Any CPU
		{1B96E8CA-6032-2A97-AD3F-438AA9012BAB}.Debug|Any CPU.Build.0 = Debug|Any CPU
		{1B96E8CA-6032-2A97-AD3F-438AA9012BAB}.Release|Any CPU.ActiveCfg = Release|Any CPU
		{1B96E8CA-6032-2A97-AD3F-438AA9012BAB}.Release|Any CPU.Build.0 = Release|Any CPU
		{53F3A3F7-4A7D-8D7F-7226-55283BB889DE}.Debug|Any CPU.ActiveCfg = Debug|Any CPU
		{53F3A3F7-4A7D-8D7F-7226-55283BB889DE}.Debug|Any CPU.Build.0 = Debug|Any CPU
		{53F3A3F7-4A7D-8D7F-7226-55283BB889DE}.Release|Any CPU.ActiveCfg = Release|Any CPU
		{53F3A3F7-4A7D-8D7F-7226-55283BB889DE}.Release|Any CPU.Build.0 = Release|Any CPU
	EndGlobalSection
	GlobalSection(SolutionProperties) = preSolution
		HideSolutionNode = FALSE
	EndGlobalSection
EndGlobal
